// !$*UTF8*$!
{
	archiveVersion = 1;
	classes = {
	};
	objectVersion = 50;
	objects = {

/* Begin PBXBuildFile section */
		E2CBFFC3069CCC2E86837F53 /* libPods-CellDemo.a in Frameworks */ = {isa = PBXBuildFile; fileRef = D92E7D75B74B51F20BB9A128 /* libPods-CellDemo.a */; };
		F112243A2328A7E800535D79 /* AppDelegate.m in Sources */ = {isa = PBXBuildFile; fileRef = F11224392328A7E800535D79 /* AppDelegate.m */; };
		F112243D2328A7E800535D79 /* ViewController.m in Sources */ = {isa = PBXBuildFile; fileRef = F112243C2328A7E800535D79 /* ViewController.m */; };
		F11224422328A7EA00535D79 /* Assets.xcassets in Resources */ = {isa = PBXBuildFile; fileRef = F11224412328A7EA00535D79 /* Assets.xcassets */; };
		F11224452328A7EA00535D79 /* LaunchScreen.storyboard in Resources */ = {isa = PBXBuildFile; fileRef = F11224432328A7EA00535D79 /* LaunchScreen.storyboard */; };
		F11224482328A7EA00535D79 /* main.m in Sources */ = {isa = PBXBuildFile; fileRef = F11224472328A7EA00535D79 /* main.m */; };
		F112244F2328A8CA00535D79 /* data.json in Resources */ = {isa = PBXBuildFile; fileRef = F112244E2328A8CA00535D79 /* data.json */; };
		F11224522328A91600535D79 /* ListTableViewCell.m in Sources */ = {isa = PBXBuildFile; fileRef = F11224512328A91600535D79 /* ListTableViewCell.m */; };
		F11224552328AA4300535D79 /* ListModel.m in Sources */ = {isa = PBXBuildFile; fileRef = F11224542328AA4300535D79 /* ListModel.m */; };
		F16ED7E62329F7ED005521AB /* data2.json in Resources */ = {isa = PBXBuildFile; fileRef = F16ED7E52329F7EC005521AB /* data2.json */; };
		F16ED7E92329F808005521AB /* ListSugModel.m in Sources */ = {isa = PBXBuildFile; fileRef = F16ED7E82329F808005521AB /* ListSugModel.m */; };
		F16ED7EC2329F839005521AB /* SugViewController.m in Sources */ = {isa = PBXBuildFile; fileRef = F16ED7EB2329F839005521AB /* SugViewController.m */; };
		F16ED7EF2329F887005521AB /* SugTableViewCell.m in Sources */ = {isa = PBXBuildFile; fileRef = F16ED7EE2329F887005521AB /* SugTableViewCell.m */; };
/* End PBXBuildFile section */

/* Begin PBXFileReference section */
		2663F9F70B5CC337234F943F /* Pods-CellDemo.debug.xcconfig */ = {isa = PBXFileReference; includeInIndex = 1; lastKnownFileType = text.xcconfig; name = "Pods-CellDemo.debug.xcconfig"; path = "Pods/Target Support Files/Pods-CellDemo/Pods-CellDemo.debug.xcconfig"; sourceTree = "<group>"; };
		3DEC95FF1DCF41BD0D956F6A /* Pods-CellDemo.release.xcconfig */ = {isa = PBXFileReference; includeInIndex = 1; lastKnownFileType = text.xcconfig; name = "Pods-CellDemo.release.xcconfig"; path = "Pods/Target Support Files/Pods-CellDemo/Pods-CellDemo.release.xcconfig"; sourceTree = "<group>"; };
		D92E7D75B74B51F20BB9A128 /* libPods-CellDemo.a */ = {isa = PBXFileReference; explicitFileType = archive.ar; includeInIndex = 0; path = "libPods-CellDemo.a"; sourceTree = BUILT_PRODUCTS_DIR; };
		F11224352328A7E800535D79 /* CellDemo.app */ = {isa = PBXFileReference; explicitFileType = wrapper.application; includeInIndex = 0; path = CellDemo.app; sourceTree = BUILT_PRODUCTS_DIR; };
		F11224382328A7E800535D79 /* AppDelegate.h */ = {isa = PBXFileReference; lastKnownFileType = sourcecode.c.h; path = AppDelegate.h; sourceTree = "<group>"; };
		F11224392328A7E800535D79 /* AppDelegate.m */ = {isa = PBXFileReference; lastKnownFileType = sourcecode.c.objc; path = AppDelegate.m; sourceTree = "<group>"; };
		F112243B2328A7E800535D79 /* ViewController.h */ = {isa = PBXFileReference; lastKnownFileType = sourcecode.c.h; path = ViewController.h; sourceTree = "<group>"; };
		F112243C2328A7E800535D79 /* ViewController.m */ = {isa = PBXFileReference; lastKnownFileType = sourcecode.c.objc; path = ViewController.m; sourceTree = "<group>"; };
		F11224412328A7EA00535D79 /* Assets.xcassets */ = {isa = PBXFileReference; lastKnownFileType = folder.assetcatalog; path = Assets.xcassets; sourceTree = "<group>"; };
		F11224442328A7EA00535D79 /* Base */ = {isa = PBXFileReference; lastKnownFileType = file.storyboard; name = Base; path = Base.lproj/LaunchScreen.storyboard; sourceTree = "<group>"; };
		F11224462328A7EA00535D79 /* Info.plist */ = {isa = PBXFileReference; lastKnownFileType = text.plist.xml; path = Info.plist; sourceTree = "<group>"; };
		F11224472328A7EA00535D79 /* main.m */ = {isa = PBXFileReference; lastKnownFileType = sourcecode.c.objc; path = main.m; sourceTree = "<group>"; };
		F112244E2328A8CA00535D79 /* data.json */ = {isa = PBXFileReference; fileEncoding = 4; lastKnownFileType = text.json; path = data.json; sourceTree = "<group>"; };
		F11224502328A91600535D79 /* ListTableViewCell.h */ = {isa = PBXFileReference; lastKnownFileType = sourcecode.c.h; path = ListTableViewCell.h; sourceTree = "<group>"; };
		F11224512328A91600535D79 /* ListTableViewCell.m */ = {isa = PBXFileReference; lastKnownFileType = sourcecode.c.objc; path = ListTableViewCell.m; sourceTree = "<group>"; };
		F11224532328AA4300535D79 /* ListModel.h */ = {isa = PBXFileReference; lastKnownFileType = sourcecode.c.h; path = ListModel.h; sourceTree = "<group>"; };
		F11224542328AA4300535D79 /* ListModel.m */ = {isa = PBXFileReference; lastKnownFileType = sourcecode.c.objc; path = ListModel.m; sourceTree = "<group>"; };
		F16ED7E52329F7EC005521AB /* data2.json */ = {isa = PBXFileReference; fileEncoding = 4; lastKnownFileType = text.json; path = data2.json; sourceTree = "<group>"; };
		F16ED7E72329F808005521AB /* ListSugModel.h */ = {isa = PBXFileReference; lastKnownFileType = sourcecode.c.h; path = ListSugModel.h; sourceTree = "<group>"; };
		F16ED7E82329F808005521AB /* ListSugModel.m */ = {isa = PBXFileReference; lastKnownFileType = sourcecode.c.objc; path = ListSugModel.m; sourceTree = "<group>"; };
		F16ED7EA2329F839005521AB /* SugViewController.h */ = {isa = PBXFileReference; lastKnownFileType = sourcecode.c.h; path = SugViewController.h; sourceTree = "<group>"; };
		F16ED7EB2329F839005521AB /* SugViewController.m */ = {isa = PBXFileReference; lastKnownFileType = sourcecode.c.objc; path = SugViewController.m; sourceTree = "<group>"; };
		F16ED7ED2329F887005521AB /* SugTableViewCell.h */ = {isa = PBXFileReference; lastKnownFileType = sourcecode.c.h; path = SugTableViewCell.h; sourceTree = "<group>"; };
		F16ED7EE2329F887005521AB /* SugTableViewCell.m */ = {isa = PBXFileReference; lastKnownFileType = sourcecode.c.objc; path = SugTableViewCell.m; sourceTree = "<group>"; };
/* End PBXFileReference section */

/* Begin PBXFrameworksBuildPhase section */
		F11224322328A7E800535D79 /* Frameworks */ = {
			isa = PBXFrameworksBuildPhase;
			buildActionMask = 2147483647;
			files = (
				E2CBFFC3069CCC2E86837F53 /* libPods-CellDemo.a in Frameworks */,
			);
			runOnlyForDeploymentPostprocessing = 0;
		};
/* End PBXFrameworksBuildPhase section */

/* Begin PBXGroup section */
		1A0F42040C34D5ECEBC0C4AA /* Pods */ = {
			isa = PBXGroup;
			children = (
				2663F9F70B5CC337234F943F /* Pods-CellDemo.debug.xcconfig */,
				3DEC95FF1DCF41BD0D956F6A /* Pods-CellDemo.release.xcconfig */,
			);
			name = Pods;
			sourceTree = "<group>";
		};
		84357119835CC6EC4D4E871D /* Frameworks */ = {
			isa = PBXGroup;
			children = (
				D92E7D75B74B51F20BB9A128 /* libPods-CellDemo.a */,
			);
			name = Frameworks;
			sourceTree = "<group>";
		};
		F112242C2328A7E800535D79 = {
			isa = PBXGroup;
			children = (
				F11224372328A7E800535D79 /* CellDemo */,
				F11224362328A7E800535D79 /* Products */,
				1A0F42040C34D5ECEBC0C4AA /* Pods */,
				84357119835CC6EC4D4E871D /* Frameworks */,
			);
			sourceTree = "<group>";
		};
		F11224362328A7E800535D79 /* Products */ = {
			isa = PBXGroup;
			children = (
				F11224352328A7E800535D79 /* CellDemo.app */,
			);
			name = Products;
			sourceTree = "<group>";
		};
		F11224372328A7E800535D79 /* CellDemo */ = {
			isa = PBXGroup;
			children = (
				F11224382328A7E800535D79 /* AppDelegate.h */,
				F11224392328A7E800535D79 /* AppDelegate.m */,
				F16ED7EA2329F839005521AB /* SugViewController.h */,
				F16ED7EB2329F839005521AB /* SugViewController.m */,
				F112243B2328A7E800535D79 /* ViewController.h */,
				F112243C2328A7E800535D79 /* ViewController.m */,
				F11224502328A91600535D79 /* ListTableViewCell.h */,
				F11224512328A91600535D79 /* ListTableViewCell.m */,
				F16ED7ED2329F887005521AB /* SugTableViewCell.h */,
				F16ED7EE2329F887005521AB /* SugTableViewCell.m */,
				F11224532328AA4300535D79 /* ListModel.h */,
				F11224542328AA4300535D79 /* ListModel.m */,
				F16ED7E72329F808005521AB /* ListSugModel.h */,
				F16ED7E82329F808005521AB /* ListSugModel.m */,
				F16ED7E52329F7EC005521AB /* data2.json */,
				F112244E2328A8CA00535D79 /* data.json */,
				F11224412328A7EA00535D79 /* Assets.xcassets */,
				F11224432328A7EA00535D79 /* LaunchScreen.storyboard */,
				F11224462328A7EA00535D79 /* Info.plist */,
				F11224472328A7EA00535D79 /* main.m */,
			);
			path = CellDemo;
			sourceTree = "<group>";
		};
/* End PBXGroup section */

/* Begin PBXNativeTarget section */
		F11224342328A7E800535D79 /* CellDemo */ = {
			isa = PBXNativeTarget;
			buildConfigurationList = F112244B2328A7EA00535D79 /* Build configuration list for PBXNativeTarget "CellDemo" */;
			buildPhases = (
				9F5448FF63F1F855FA2B02C3 /* [CP] Check Pods Manifest.lock */,
				F11224312328A7E800535D79 /* Sources */,
				F11224322328A7E800535D79 /* Frameworks */,
				F11224332328A7E800535D79 /* Resources */,
			);
			buildRules = (
			);
			dependencies = (
			);
			name = CellDemo;
			productName = CellDemo;
			productReference = F11224352328A7E800535D79 /* CellDemo.app */;
			productType = "com.apple.product-type.application";
		};
/* End PBXNativeTarget section */

/* Begin PBXProject section */
		F112242D2328A7E800535D79 /* Project object */ = {
			isa = PBXProject;
			attributes = {
				LastUpgradeCheck = 1020;
				ORGANIZATIONNAME = nemo;
				TargetAttributes = {
					F11224342328A7E800535D79 = {
						CreatedOnToolsVersion = 10.2.1;
					};
				};
			};
			buildConfigurationList = F11224302328A7E800535D79 /* Build configuration list for PBXProject "CellDemo" */;
			compatibilityVersion = "Xcode 9.3";
			developmentRegion = en;
			hasScannedForEncodings = 0;
			knownRegions = (
				en,
				Base,
			);
			mainGroup = F112242C2328A7E800535D79;
			productRefGroup = F11224362328A7E800535D79 /* Products */;
			projectDirPath = "";
			projectRoot = "";
			targets = (
				F11224342328A7E800535D79 /* CellDemo */,
			);
		};
/* End PBXProject section */

/* Begin PBXResourcesBuildPhase section */
		F11224332328A7E800535D79 /* Resources */ = {
			isa = PBXResourcesBuildPhase;
			buildActionMask = 2147483647;
			files = (
				F11224452328A7EA00535D79 /* LaunchScreen.storyboard in Resources */,
				F112244F2328A8CA00535D79 /* data.json in Resources */,
				F16ED7E62329F7ED005521AB /* data2.json in Resources */,
				F11224422328A7EA00535D79 /* Assets.xcassets in Resources */,
			);
			runOnlyForDeploymentPostprocessing = 0;
		};
/* End PBXResourcesBuildPhase section */

/* Begin PBXShellScriptBuildPhase section */
		9F5448FF63F1F855FA2B02C3 /* [CP] Check Pods Manifest.lock */ = {
			isa = PBXShellScriptBuildPhase;
			buildActionMask = 2147483647;
			files = (
			);
			inputPaths = (
				"${PODS_PODFILE_DIR_PATH}/Podfile.lock",
				"${PODS_ROOT}/Manifest.lock",
			);
			name = "[CP] Check Pods Manifest.lock";
			outputPaths = (
				"$(DERIVED_FILE_DIR)/Pods-CellDemo-checkManifestLockResult.txt",
			);
			runOnlyForDeploymentPostprocessing = 0;
			shellPath = /bin/sh;
			shellScript = "diff \"${PODS_PODFILE_DIR_PATH}/Podfile.lock\" \"${PODS_ROOT}/Manifest.lock\" > /dev/null\nif [ $? != 0 ] ; then\n    # print error to STDERR\n    echo \"error: The sandbox is not in sync with the Podfile.lock. Run 'pod install' or update your CocoaPods installation.\" >&2\n    exit 1\nfi\n# This output is used by Xcode 'outputs' to avoid re-running this script phase.\necho \"SUCCESS\" > \"${SCRIPT_OUTPUT_FILE_0}\"\n";
			showEnvVarsInLog = 0;
		};
/* End PBXShellScriptBuildPhase section */

/* Begin PBXSourcesBuildPhase section */
		F11224312328A7E800535D79 /* Sources */ = {
			isa = PBXSourcesBuildPhase;
			buildActionMask = 2147483647;
			files = (
				F11224552328AA4300535D79 /* ListModel.m in Sources */,
				F112243D2328A7E800535D79 /* ViewController.m in Sources */,
				F11224522328A91600535D79 /* ListTableViewCell.m in Sources */,
				F16ED7EC2329F839005521AB /* SugViewController.m in Sources */,
				F16ED7E92329F808005521AB /* ListSugModel.m in Sources */,
				F11224482328A7EA00535D79 /* main.m in Sources */,
				F112243A2328A7E800535D79 /* AppDelegate.m in Sources */,
				F16ED7EF2329F887005521AB /* SugTableViewCell.m in Sources */,
			);
			runOnlyForDeploymentPostprocessing = 0;
		};
/* End PBXSourcesBuildPhase section */

/* Begin PBXVariantGroup section */
		F11224432328A7EA00535D79 /* LaunchScreen.storyboard */ = {
			isa = PBXVariantGroup;
			children = (
				F11224442328A7EA00535D79 /* Base */,
			);
			name = LaunchScreen.storyboard;
			sourceTree = "<group>";
		};
/* End PBXVariantGroup section */

/* Begin XCBuildConfiguration section */
		F11224492328A7EA00535D79 /* Debug */ = {
			isa = XCBuildConfiguration;
			buildSettings = {
				ALWAYS_SEARCH_USER_PATHS = NO;
				CLANG_ANALYZER_NONNULL = YES;
				CLANG_ANALYZER_NUMBER_OBJECT_CONVERSION = YES_AGGRESSIVE;
				CLANG_CXX_LANGUAGE_STANDARD = "gnu++14";
				CLANG_CXX_LIBRARY = "libc++";
				CLANG_ENABLE_MODULES = YES;
				CLANG_ENABLE_OBJC_ARC = YES;
				CLANG_ENABLE_OBJC_WEAK = YES;
				CLANG_WARN_BLOCK_CAPTURE_AUTORELEASING = YES;
				CLANG_WARN_BOOL_CONVERSION = YES;
				CLANG_WARN_COMMA = YES;
				CLANG_WARN_CONSTANT_CONVERSION = YES;
				CLANG_WARN_DEPRECATED_OBJC_IMPLEMENTATIONS = YES;
				CLANG_WARN_DIRECT_OBJC_ISA_USAGE = YES_ERROR;
				CLANG_WARN_DOCUMENTATION_COMMENTS = YES;
				CLANG_WARN_EMPTY_BODY = YES;
				CLANG_WARN_ENUM_CONVERSION = YES;
				CLANG_WARN_INFINITE_RECURSION = YES;
				CLANG_WARN_INT_CONVERSION = YES;
				CLANG_WARN_NON_LITERAL_NULL_CONVERSION = YES;
				CLANG_WARN_OBJC_IMPLICIT_RETAIN_SELF = YES;
				CLANG_WARN_OBJC_LITERAL_CONVERSION = YES;
				CLANG_WARN_OBJC_ROOT_CLASS = YES_ERROR;
				CLANG_WARN_RANGE_LOOP_ANALYSIS = YES;
				CLANG_WARN_STRICT_PROTOTYPES = YES;
				CLANG_WARN_SUSPICIOUS_MOVE = YES;
				CLANG_WARN_UNGUARDED_AVAILABILITY = YES_AGGRESSIVE;
				CLANG_WARN_UNREACHABLE_CODE = YES;
				CLANG_WARN__DUPLICATE_METHOD_MATCH = YES;
				CODE_SIGN_IDENTITY = "iPhone Developer";
				COPY_PHASE_STRIP = NO;
				DEBUG_INFORMATION_FORMAT = dwarf;
				ENABLE_STRICT_OBJC_MSGSEND = YES;
				ENABLE_TESTABILITY = YES;
				GCC_C_LANGUAGE_STANDARD = gnu11;
				GCC_DYNAMIC_NO_PIC = NO;
				GCC_NO_COMMON_BLOCKS = YES;
				GCC_OPTIMIZATION_LEVEL = 0;
				GCC_PREPROCESSOR_DEFINITIONS = (
					"DEBUG=1",
					"$(inherited)",
				);
				GCC_WARN_64_TO_32_BIT_CONVERSION = YES;
				GCC_WARN_ABOUT_RETURN_TYPE = YES_ERROR;
				GCC_WARN_UNDECLARED_SELECTOR = YES;
				GCC_WARN_UNINITIALIZED_AUTOS = YES_AGGRESSIVE;
				GCC_WARN_UNUSED_FUNCTION = YES;
				GCC_WARN_UNUSED_VARIABLE = YES;
				IPHONEOS_DEPLOYMENT_TARGET = 12.2;
				MTL_ENABLE_DEBUG_INFO = INCLUDE_SOURCE;
				MTL_FAST_MATH = YES;
				ONLY_ACTIVE_ARCH = YES;
				SDKROOT = iphoneos;
			};
			name = Debug;
		};
		F112244A2328A7EA00535D79 /* Release */ = {
			isa = XCBuildConfiguration;
			buildSettings = {
				ALWAYS_SEARCH_USER_PATHS = NO;
				CLANG_ANALYZER_NONNULL = YES;
				CLANG_ANALYZER_NUMBER_OBJECT_CONVERSION = YES_AGGRESSIVE;
				CLANG_CXX_LANGUAGE_STANDARD = "gnu++14";
				CLANG_CXX_LIBRARY = "libc++";
				CLANG_ENABLE_MODULES = YES;
				CLANG_ENABLE_OBJC_ARC = YES;
				CLANG_ENABLE_OBJC_WEAK = YES;
				CLANG_WARN_BLOCK_CAPTURE_AUTORELEASING = YES;
				CLANG_WARN_BOOL_CONVERSION = YES;
				CLANG_WARN_COMMA = YES;
				CLANG_WARN_CONSTANT_CONVERSION = YES;
				CLANG_WARN_DEPRECATED_OBJC_IMPLEMENTATIONS = YES;
				CLANG_WARN_DIRECT_OBJC_ISA_USAGE = YES_ERROR;
				CLANG_WARN_DOCUMENTATION_COMMENTS = YES;
				CLANG_WARN_EMPTY_BODY = YES;
				CLANG_WARN_ENUM_CONVERSION = YES;
				CLANG_WARN_INFINITE_RECURSION = YES;
				CLANG_WARN_INT_CONVERSION = YES;
				CLANG_WARN_NON_LITERAL_NULL_CONVERSION = YES;
				CLANG_WARN_OBJC_IMPLICIT_RETAIN_SELF = YES;
				CLANG_WARN_OBJC_LITERAL_CONVERSION = YES;
				CLANG_WARN_OBJC_ROOT_CLASS = YES_ERROR;
				CLANG_WARN_RANGE_LOOP_ANALYSIS = YES;
				CLANG_WARN_STRICT_PROTOTYPES = YES;
				CLANG_WARN_SUSPICIOUS_MOVE = YES;
				CLANG_WARN_UNGUARDED_AVAILABILITY = YES_AGGRESSIVE;
				CLANG_WARN_UNREACHABLE_CODE = YES;
				CLANG_WARN__DUPLICATE_METHOD_MATCH = YES;
				CODE_SIGN_IDENTITY = "iPhone Developer";
				COPY_PHASE_STRIP = NO;
				DEBUG_INFORMATION_FORMAT = "dwarf-with-dsym";
				ENABLE_NS_ASSERTIONS = NO;
				ENABLE_STRICT_OBJC_MSGSEND = YES;
				GCC_C_LANGUAGE_STANDARD = gnu11;
				GCC_NO_COMMON_BLOCKS = YES;
				GCC_WARN_64_TO_32_BIT_CONVERSION = YES;
				GCC_WARN_ABOUT_RETURN_TYPE = YES_ERROR;
				GCC_WARN_UNDECLARED_SELECTOR = YES;
				GCC_WARN_UNINITIALIZED_AUTOS = YES_AGGRESSIVE;
				GCC_WARN_UNUSED_FUNCTION = YES;
				GCC_WARN_UNUSED_VARIABLE = YES;
				IPHONEOS_DEPLOYMENT_TARGET = 12.2;
				MTL_ENABLE_DEBUG_INFO = NO;
				MTL_FAST_MATH = YES;
				SDKROOT = iphoneos;
				VALIDATE_PRODUCT = YES;
			};
			name = Release;
		};
		F112244C2328A7EA00535D79 /* Debug */ = {
			isa = XCBuildConfiguration;
			baseConfigurationReference = 2663F9F70B5CC337234F943F /* Pods-CellDemo.debug.xcconfig */;
			buildSettings = {
				ASSETCATALOG_COMPILER_APPICON_NAME = AppIcon;
				CODE_SIGN_STYLE = Automatic;
				DEVELOPMENT_TEAM = U92ALBB855;
				INFOPLIST_FILE = CellDemo/Info.plist;
				LD_RUNPATH_SEARCH_PATHS = (
					"$(inherited)",
					"@executable_path/Frameworks",
				);
				PRODUCT_BUNDLE_IDENTIFIER = com.nemo.CellDemo;
				PRODUCT_NAME = "$(TARGET_NAME)";
				TARGETED_DEVICE_FAMILY = "1,2";
			};
			name = Debug;
		};
		F112244D2328A7EA00535D79 /* Release */ = {
			isa = XCBuildConfiguration;
			baseConfigurationReference = 3DEC95FF1DCF41BD0D956F6A /* Pods-CellDemo.release.xcconfig */;
			buildSettings = {
				ASSETCATALOG_COMPILER_APPICON_NAME = AppIcon;
				CODE_SIGN_STYLE = Automatic;
				DEVELOPMENT_TEAM = U92ALBB855;
				INFOPLIST_FILE = CellDemo/Info.plist;
				LD_RUNPATH_SEARCH_PATHS = (
					"$(inherited)",
					"@executable_path/Frameworks",
				);
				PRODUCT_BUNDLE_IDENTIFIER = com.nemo.CellDemo;
				PRODUCT_NAME = "$(TARGET_NAME)";
				TARGETED_DEVICE_FAMILY = "1,2";
			};
			name = Release;
		};
/* End XCBuildConfiguration section */

/* Begin XCConfigurationList section */
		F11224302328A7E800535D79 /* Build configuration list for PBXProject "CellDemo" */ = {
			isa = XCConfigurationList;
			buildConfigurations = (
				F11224492328A7EA00535D79 /* Debug */,
				F112244A2328A7EA00535D79 /* Release */,
			);
			defaultConfigurationIsVisible = 0;
			defaultConfigurationName = Release;
		};
		F112244B2328A7EA00535D79 /* Build configuration list for PBXNativeTarget "CellDemo" */ = {
			isa = XCConfigurationList;
			buildConfigurations = (
				F112244C2328A7EA00535D79 /* Debug */,
				F112244D2328A7EA00535D79 /* Release */,
			);
			defaultConfigurationIsVisible = 0;
			defaultConfigurationName = Release;
		};
/* End XCConfigurationList section */
	};
	rootObject = F112242D2328A7E800535D79 /* Project object */;
}
